// !$*UTF8*$!
{
	archiveVersion = 1;
	classes = {
	};
	objectVersion = 77;
	objects = {

/* Begin PBXBuildFile section */
		A20000000000000000000001 /* TallyDexApp.swift in Sources */ = {isa = PBXBuildFile; fileRef = B20000000000000000000001 /* TallyDexApp.swift */; };
		A20000000000000000000002 /* RootTabView.swift in Sources */ = {isa = PBXBuildFile; fileRef = B20000000000000000000002 /* RootTabView.swift */; };
		A20000000000000000000003 /* FeatureViews.swift in Sources */ = {isa = PBXBuildFile; fileRef = B20000000000000000000003 /* FeatureViews.swift */; };
		A20000000000000000000004 /* TallyDexSmokeTests.swift in Sources */ = {isa = PBXBuildFile; fileRef = B20000000000000000000004 /* TallyDexSmokeTests.swift */; };
		A20000000000000000000005 /* Assets.xcassets in Resources */ = {isa = PBXBuildFile; fileRef = B20000000000000000000005 /* Assets.xcassets */; };
		A20000000000000000000006 /* GRDB in Frameworks */ = {isa = PBXBuildFile; productRef = G20000000000000000000001 /* GRDB */; };
		A20000000000000000000007 /* CatalogModels.swift in Sources */ = {isa = PBXBuildFile; fileRef = B20000000000000000000007 /* CatalogModels.swift */; };
		A20000000000000000000008 /* TCGdexClient.swift in Sources */ = {isa = PBXBuildFile; fileRef = B20000000000000000000008 /* TCGdexClient.swift */; };
		A20000000000000000000009 /* CatalogDatabase.swift in Sources */ = {isa = PBXBuildFile; fileRef = B20000000000000000000009 /* CatalogDatabase.swift */; };
		A2000000000000000000000A /* CatalogFoundationTests.swift in Sources */ = {isa = PBXBuildFile; fileRef = B2000000000000000000000A /* CatalogFoundationTests.swift */; };
		A2000000000000000000000B /* CatalogStore.swift in Sources */ = {isa = PBXBuildFile; fileRef = B2000000000000000000000B /* CatalogStore.swift */; };
		A2000000000000000000000C /* catalog-en.json in Resources */ = {isa = PBXBuildFile; fileRef = B2000000000000000000000C /* catalog-en.json */; };
		A2000000000000000000000D /* AppIcon.icon in Resources */ = {isa = PBXBuildFile; fileRef = B2000000000000000000000D /* AppIcon.icon */; };
		A2000000000000000000000E /* ArtworkCache.swift in Sources */ = {isa = PBXBuildFile; fileRef = B2000000000000000000000E /* ArtworkCache.swift */; };
		A2000000000000000000000F /* CollectionModels.swift in Sources */ = {isa = PBXBuildFile; fileRef = B2000000000000000000000F /* CollectionModels.swift */; };
		A20000000000000000000010 /* CollectionDatabase.swift in Sources */ = {isa = PBXBuildFile; fileRef = B20000000000000000000010 /* CollectionDatabase.swift */; };
		A20000000000000000000011 /* CollectionStore.swift in Sources */ = {isa = PBXBuildFile; fileRef = B20000000000000000000011 /* CollectionStore.swift */; };
		A20000000000000000000012 /* CollectionFoundationTests.swift in Sources */ = {isa = PBXBuildFile; fileRef = B20000000000000000000012 /* CollectionFoundationTests.swift */; };
		A20000000000000000000013 /* CollectionTransfer.swift in Sources */ = {isa = PBXBuildFile; fileRef = B20000000000000000000013 /* CollectionTransfer.swift */; };
/* End PBXBuildFile section */

/* Begin PBXContainerItemProxy section */
		A30000000000000000000001 /* PBXContainerItemProxy */ = {
			isa = PBXContainerItemProxy;
			containerPortal = A00000000000000000000001 /* Project object */;
			proxyType = 1;
			remoteGlobalIDString = A10000000000000000000001;
			remoteInfo = TallyDex;
		};
/* End PBXContainerItemProxy section */

/* Begin PBXFileReference section */
		B10000000000000000000001 /* TallyDex.app */ = {isa = PBXFileReference; explicitFileType = wrapper.application; includeInIndex = 0; path = TallyDex.app; sourceTree = BUILT_PRODUCTS_DIR; };
		B10000000000000000000002 /* TallyDexTests.xctest */ = {isa = PBXFileReference; explicitFileType = wrapper.cfbundle; includeInIndex = 0; path = TallyDexTests.xctest; sourceTree = BUILT_PRODUCTS_DIR; };
		B20000000000000000000001 /* TallyDexApp.swift */ = {isa = PBXFileReference; lastKnownFileType = sourcecode.swift; path = TallyDexApp.swift; sourceTree = "<group>"; };
		B20000000000000000000002 /* RootTabView.swift */ = {isa = PBXFileReference; lastKnownFileType = sourcecode.swift; path = RootTabView.swift; sourceTree = "<group>"; };
		B20000000000000000000003 /* FeatureViews.swift */ = {isa = PBXFileReference; lastKnownFileType = sourcecode.swift; path = FeatureViews.swift; sourceTree = "<group>"; };
		B20000000000000000000004 /* TallyDexSmokeTests.swift */ = {isa = PBXFileReference; lastKnownFileType = sourcecode.swift; path = TallyDexSmokeTests.swift; sourceTree = "<group>"; };
		B20000000000000000000005 /* Assets.xcassets */ = {isa = PBXFileReference; lastKnownFileType = folder.assetcatalog; path = Assets.xcassets; sourceTree = "<group>"; };
		B20000000000000000000007 /* CatalogModels.swift */ = {isa = PBXFileReference; lastKnownFileType = sourcecode.swift; path = CatalogModels.swift; sourceTree = "<group>"; };
		B20000000000000000000008 /* TCGdexClient.swift */ = {isa = PBXFileReference; lastKnownFileType = sourcecode.swift; path = TCGdexClient.swift; sourceTree = "<group>"; };
		B20000000000000000000009 /* CatalogDatabase.swift */ = {isa = PBXFileReference; lastKnownFileType = sourcecode.swift; path = CatalogDatabase.swift; sourceTree = "<group>"; };
		B2000000000000000000000A /* CatalogFoundationTests.swift */ = {isa = PBXFileReference; lastKnownFileType = sourcecode.swift; path = CatalogFoundationTests.swift; sourceTree = "<group>"; };
		B2000000000000000000000B /* CatalogStore.swift */ = {isa = PBXFileReference; lastKnownFileType = sourcecode.swift; path = CatalogStore.swift; sourceTree = "<group>"; };
		B2000000000000000000000C /* catalog-en.json */ = {isa = PBXFileReference; lastKnownFileType = text.json; path = "catalog-en.json"; sourceTree = "<group>"; };
		B2000000000000000000000D /* AppIcon.icon */ = {isa = PBXFileReference; lastKnownFileType = folder.iconcomposer.icon; path = AppIcon.icon; sourceTree = "<group>"; };
		B2000000000000000000000E /* ArtworkCache.swift */ = {isa = PBXFileReference; lastKnownFileType = sourcecode.swift; path = ArtworkCache.swift; sourceTree = "<group>"; };
		B2000000000000000000000F /* CollectionModels.swift */ = {isa = PBXFileReference; lastKnownFileType = sourcecode.swift; path = CollectionModels.swift; sourceTree = "<group>"; };
		B20000000000000000000010 /* CollectionDatabase.swift */ = {isa = PBXFileReference; lastKnownFileType = sourcecode.swift; path = CollectionDatabase.swift; sourceTree = "<group>"; };
		B20000000000000000000011 /* CollectionStore.swift */ = {isa = PBXFileReference; lastKnownFileType = sourcecode.swift; path = CollectionStore.swift; sourceTree = "<group>"; };
		B20000000000000000000012 /* CollectionFoundationTests.swift */ = {isa = PBXFileReference; lastKnownFileType = sourcecode.swift; path = CollectionFoundationTests.swift; sourceTree = "<group>"; };
		B20000000000000000000013 /* CollectionTransfer.swift */ = {isa = PBXFileReference; lastKnownFileType = sourcecode.swift; path = CollectionTransfer.swift; sourceTree = "<group>"; };
/* End PBXFileReference section */

/* Begin PBXFrameworksBuildPhase section */
		C10000000000000000000001 /* Frameworks */ = {
			isa = PBXFrameworksBuildPhase;
			buildActionMask = 2147483647;
			files = (
				A20000000000000000000006 /* GRDB in Frameworks */,
			);
			runOnlyForDeploymentPostprocessing = 0;
		};
		C10000000000000000000002 /* Frameworks */ = {
			isa = PBXFrameworksBuildPhase;
			buildActionMask = 2147483647;
			files = (
			);
			runOnlyForDeploymentPostprocessing = 0;
		};
/* End PBXFrameworksBuildPhase section */

/* Begin PBXGroup section */
		D00000000000000000000001 = {
			isa = PBXGroup;
			children = (
				D10000000000000000000001 /* TallyDex */,
				D10000000000000000000004 /* TallyDexTests */,
				D10000000000000000000005 /* Products */,
			);
			sourceTree = "<group>";
		};
		D10000000000000000000001 /* TallyDex */ = {
			isa = PBXGroup;
			children = (
				D10000000000000000000002 /* App */,
				D10000000000000000000007 /* Catalog */,
				D10000000000000000000008 /* Collection */,
				D10000000000000000000003 /* Features */,
				D10000000000000000000006 /* Resources */,
			);
			path = TallyDex;
			sourceTree = "<group>";
		};
		D10000000000000000000002 /* App */ = {
			isa = PBXGroup;
			children = (
				B20000000000000000000001 /* TallyDexApp.swift */,
				B20000000000000000000002 /* RootTabView.swift */,
			);
			path = App;
			sourceTree = "<group>";
		};
		D10000000000000000000003 /* Features */ = {
			isa = PBXGroup;
			children = (
				B20000000000000000000003 /* FeatureViews.swift */,
			);
			path = Features;
			sourceTree = "<group>";
		};
		D10000000000000000000004 /* TallyDexTests */ = {
			isa = PBXGroup;
			children = (
				B20000000000000000000004 /* TallyDexSmokeTests.swift */,
				B2000000000000000000000A /* CatalogFoundationTests.swift */,
				B20000000000000000000012 /* CollectionFoundationTests.swift */,
			);
			path = TallyDexTests;
			sourceTree = "<group>";
		};
		D10000000000000000000005 /* Products */ = {
			isa = PBXGroup;
			children = (
				B10000000000000000000001 /* TallyDex.app */,
				B10000000000000000000002 /* TallyDexTests.xctest */,
			);
			name = Products;
			sourceTree = "<group>";
		};
		D10000000000000000000006 /* Resources */ = {
			isa = PBXGroup;
			children = (
				B2000000000000000000000D /* AppIcon.icon */,
				B20000000000000000000005 /* Assets.xcassets */,
				B2000000000000000000000C /* catalog-en.json */,
			);
			path = Resources;
			sourceTree = "<group>";
		};
		D10000000000000000000007 /* Catalog */ = {
			isa = PBXGroup;
			children = (
				B20000000000000000000007 /* CatalogModels.swift */,
				B20000000000000000000008 /* TCGdexClient.swift */,
				B20000000000000000000009 /* CatalogDatabase.swift */,
				B2000000000000000000000B /* CatalogStore.swift */,
				B2000000000000000000000E /* ArtworkCache.swift */,
			);
			path = Catalog;
			sourceTree = "<group>";
		};
		D10000000000000000000008 /* Collection */ = {
			isa = PBXGroup;
			children = (
				B2000000000000000000000F /* CollectionModels.swift */,
				B20000000000000000000010 /* CollectionDatabase.swift */,
				B20000000000000000000011 /* CollectionStore.swift */,
				B20000000000000000000013 /* CollectionTransfer.swift */,
			);
			path = Collection;
			sourceTree = "<group>";
		};
/* End PBXGroup section */

/* Begin PBXNativeTarget section */
		A10000000000000000000001 /* TallyDex */ = {
			isa = PBXNativeTarget;
			buildConfigurationList = E10000000000000000000001 /* Build configuration list for PBXNativeTarget "TallyDex" */;
			buildPhases = (
				C20000000000000000000001 /* Sources */,
				C10000000000000000000001 /* Frameworks */,
				C30000000000000000000001 /* Resources */,
			);
			buildRules = (
			);
			dependencies = (
			);
			name = TallyDex;
			packageProductDependencies = (
				G20000000000000000000001 /* GRDB */,
			);
			productName = TallyDex;
			productReference = B10000000000000000000001 /* TallyDex.app */;
			productType = "com.apple.product-type.application";
		};
		A10000000000000000000002 /* TallyDexTests */ = {
			isa = PBXNativeTarget;
			buildConfigurationList = E10000000000000000000002 /* Build configuration list for PBXNativeTarget "TallyDexTests" */;
			buildPhases = (
				C20000000000000000000002 /* Sources */,
				C10000000000000000000002 /* Frameworks */,
				C30000000000000000000002 /* Resources */,
			);
			buildRules = (
			);
			dependencies = (
				A40000000000000000000001 /* PBXTargetDependency */,
			);
			name = TallyDexTests;
			packageProductDependencies = (
			);
			productName = TallyDexTests;
			productReference = B10000000000000000000002 /* TallyDexTests.xctest */;
			productType = "com.apple.product-type.bundle.unit-test";
		};
/* End PBXNativeTarget section */

/* Begin PBXProject section */
		A00000000000000000000001 /* Project object */ = {
			isa = PBXProject;
			attributes = {
				BuildIndependentTargetsInParallel = 1;
				LastSwiftUpdateCheck = 2660;
				LastUpgradeCheck = 2660;
				TargetAttributes = {
					A10000000000000000000001 = {
						CreatedOnToolsVersion = 26.6;
					};
					A10000000000000000000002 = {
						CreatedOnToolsVersion = 26.6;
						TestTargetID = A10000000000000000000001;
					};
				};
			};
			buildConfigurationList = E00000000000000000000001 /* Build configuration list for PBXProject "TallyDex" */;
			developmentRegion = en;
			hasScannedForEncodings = 0;
			knownRegions = (
				en,
				Base,
			);
			mainGroup = D00000000000000000000001;
			minimizedProjectReferenceProxies = 1;
			preferredProjectObjectVersion = 77;
			packageReferences = (
				G10000000000000000000001 /* XCRemoteSwiftPackageReference "GRDB.swift" */,
			);
			productRefGroup = D10000000000000000000005 /* Products */;
			projectDirPath = "";
			projectRoot = "";
			targets = (
				A10000000000000000000001 /* TallyDex */,
				A10000000000000000000002 /* TallyDexTests */,
			);
		};
/* End PBXProject section */

/* Begin PBXResourcesBuildPhase section */
		C30000000000000000000001 /* Resources */ = {
			isa = PBXResourcesBuildPhase;
			buildActionMask = 2147483647;
			files = (
				A2000000000000000000000D /* AppIcon.icon in Resources */,
				A20000000000000000000005 /* Assets.xcassets in Resources */,
				A2000000000000000000000C /* catalog-en.json in Resources */,
			);
			runOnlyForDeploymentPostprocessing = 0;
		};
		C30000000000000000000002 /* Resources */ = {
			isa = PBXResourcesBuildPhase;
			buildActionMask = 2147483647;
			files = (
			);
			runOnlyForDeploymentPostprocessing = 0;
		};
/* End PBXResourcesBuildPhase section */

/* Begin PBXSourcesBuildPhase section */
		C20000000000000000000001 /* Sources */ = {
			isa = PBXSourcesBuildPhase;
			buildActionMask = 2147483647;
			files = (
				A20000000000000000000001 /* TallyDexApp.swift in Sources */,
				A20000000000000000000002 /* RootTabView.swift in Sources */,
				A20000000000000000000003 /* FeatureViews.swift in Sources */,
				A20000000000000000000007 /* CatalogModels.swift in Sources */,
				A20000000000000000000008 /* TCGdexClient.swift in Sources */,
				A20000000000000000000009 /* CatalogDatabase.swift in Sources */,
				A2000000000000000000000B /* CatalogStore.swift in Sources */,
				A2000000000000000000000E /* ArtworkCache.swift in Sources */,
				A2000000000000000000000F /* CollectionModels.swift in Sources */,
				A20000000000000000000010 /* CollectionDatabase.swift in Sources */,
				A20000000000000000000011 /* CollectionStore.swift in Sources */,
				A20000000000000000000013 /* CollectionTransfer.swift in Sources */,
			);
			runOnlyForDeploymentPostprocessing = 0;
		};
		C20000000000000000000002 /* Sources */ = {
			isa = PBXSourcesBuildPhase;
			buildActionMask = 2147483647;
			files = (
				A20000000000000000000004 /* TallyDexSmokeTests.swift in Sources */,
				A2000000000000000000000A /* CatalogFoundationTests.swift in Sources */,
				A20000000000000000000012 /* CollectionFoundationTests.swift in Sources */,
			);
			runOnlyForDeploymentPostprocessing = 0;
		};
/* End PBXSourcesBuildPhase section */

/* Begin PBXTargetDependency section */
		A40000000000000000000001 /* PBXTargetDependency */ = {
			isa = PBXTargetDependency;
			target = A10000000000000000000001 /* TallyDex */;
			targetProxy = A30000000000000000000001 /* PBXContainerItemProxy */;
		};
/* End PBXTargetDependency section */

/* Begin XCBuildConfiguration section */
		F00000000000000000000001 /* Debug */ = {
			isa = XCBuildConfiguration;
			buildSettings = {
				ALWAYS_SEARCH_USER_PATHS = NO;
				CLANG_ENABLE_MODULES = YES;
				CLANG_ENABLE_OBJC_ARC = YES;
				COPY_PHASE_STRIP = NO;
				DEBUG_INFORMATION_FORMAT = dwarf;
				ENABLE_TESTABILITY = YES;
				GCC_C_LANGUAGE_STANDARD = gnu17;
				GCC_OPTIMIZATION_LEVEL = 0;
				ONLY_ACTIVE_ARCH = YES;
				SDKROOT = iphoneos;
				SWIFT_ACTIVE_COMPILATION_CONDITIONS = DEBUG;
				SWIFT_OPTIMIZATION_LEVEL = "-Onone";
			};
			name = Debug;
		};
		F00000000000000000000002 /* Release */ = {
			isa = XCBuildConfiguration;
			buildSettings = {
				ALWAYS_SEARCH_USER_PATHS = NO;
				CLANG_ENABLE_MODULES = YES;
				CLANG_ENABLE_OBJC_ARC = YES;
				COPY_PHASE_STRIP = NO;
				DEBUG_INFORMATION_FORMAT = "dwarf-with-dsym";
				ENABLE_NS_ASSERTIONS = NO;
				GCC_C_LANGUAGE_STANDARD = gnu17;
				SDKROOT = iphoneos;
				SWIFT_COMPILATION_MODE = wholemodule;
			};
			name = Release;
		};
		F10000000000000000000001 /* Debug */ = {
			isa = XCBuildConfiguration;
			buildSettings = {
				ASSETCATALOG_COMPILER_APPICON_NAME = AppIcon;
				CODE_SIGN_STYLE = Automatic;
				CURRENT_PROJECT_VERSION = 22;
				ENABLE_PREVIEWS = YES;
				GENERATE_INFOPLIST_FILE = NO;
				INFOPLIST_FILE = TallyDex/Resources/Info.plist;
				INFOPLIST_KEY_CFBundleDisplayName = TallyDex;
				INFOPLIST_KEY_UIApplicationSceneManifest_Generation = YES;
				INFOPLIST_KEY_UIApplicationSupportsIndirectInputEvents = YES;
				INFOPLIST_KEY_UILaunchScreen_Generation = YES;
				IPHONEOS_DEPLOYMENT_TARGET = 26.0;
				MARKETING_VERSION = 0.5.3;
				PRODUCT_BUNDLE_IDENTIFIER = com.miranoverhoef.TallyDex;
				PRODUCT_NAME = "$(TARGET_NAME)";
				SWIFT_EMIT_LOC_STRINGS = YES;
				SWIFT_STRICT_CONCURRENCY = complete;
				SWIFT_VERSION = 6.0;
				TARGETED_DEVICE_FAMILY = 1;
			};
			name = Debug;
		};
		F10000000000000000000002 /* Release */ = {
			isa = XCBuildConfiguration;
			buildSettings = {
				ASSETCATALOG_COMPILER_APPICON_NAME = AppIcon;
				CODE_SIGN_STYLE = Automatic;
				CURRENT_PROJECT_VERSION = 22;
				ENABLE_PREVIEWS = YES;
				GENERATE_INFOPLIST_FILE = NO;
				INFOPLIST_FILE = TallyDex/Resources/Info.plist;
				INFOPLIST_KEY_CFBundleDisplayName = TallyDex;
				INFOPLIST_KEY_UIApplicationSceneManifest_Generation = YES;
				INFOPLIST_KEY_UIApplicationSupportsIndirectInputEvents = YES;
				INFOPLIST_KEY_UILaunchScreen_Generation = YES;
				IPHONEOS_DEPLOYMENT_TARGET = 26.0;
				MARKETING_VERSION = 0.5.3;
				PRODUCT_BUNDLE_IDENTIFIER = com.miranoverhoef.TallyDex;
				PRODUCT_NAME = "$(TARGET_NAME)";
				SWIFT_EMIT_LOC_STRINGS = YES;
				SWIFT_STRICT_CONCURRENCY = complete;
				SWIFT_VERSION = 6.0;
				TARGETED_DEVICE_FAMILY = 1;
			};
			name = Release;
		};
		F20000000000000000000001 /* Debug */ = {
			isa = XCBuildConfiguration;
			buildSettings = {
				BUNDLE_LOADER = "$(TEST_HOST)";
				CODE_SIGN_STYLE = Automatic;
				GENERATE_INFOPLIST_FILE = YES;
				IPHONEOS_DEPLOYMENT_TARGET = 26.0;
				PRODUCT_BUNDLE_IDENTIFIER = com.miranoverhoef.TallyDexTests;
				PRODUCT_NAME = "$(TARGET_NAME)";
				SWIFT_VERSION = 6.0;
				TARGETED_DEVICE_FAMILY = 1;
				TEST_HOST = "$(BUILT_PRODUCTS_DIR)/TallyDex.app/$(BUNDLE_EXECUTABLE_FOLDER_PATH)/TallyDex";
			};
			name = Debug;
		};
		F20000000000000000000002 /* Release */ = {
			isa = XCBuildConfiguration;
			buildSettings = {
				BUNDLE_LOADER = "$(TEST_HOST)";
				CODE_SIGN_STYLE = Automatic;
				GENERATE_INFOPLIST_FILE = YES;
				IPHONEOS_DEPLOYMENT_TARGET = 26.0;
				PRODUCT_BUNDLE_IDENTIFIER = com.miranoverhoef.TallyDexTests;
				PRODUCT_NAME = "$(TARGET_NAME)";
				SWIFT_VERSION = 6.0;
				TARGETED_DEVICE_FAMILY = 1;
				TEST_HOST = "$(BUILT_PRODUCTS_DIR)/TallyDex.app/$(BUNDLE_EXECUTABLE_FOLDER_PATH)/TallyDex";
			};
			name = Release;
		};
/* End XCBuildConfiguration section */

/* Begin XCConfigurationList section */
		E00000000000000000000001 /* Build configuration list for PBXProject "TallyDex" */ = {
			isa = XCConfigurationList;
			buildConfigurations = (
				F00000000000000000000001 /* Debug */,
				F00000000000000000000002 /* Release */,
			);
			defaultConfigurationIsVisible = 0;
			defaultConfigurationName = Release;
		};
		E10000000000000000000001 /* Build configuration list for PBXNativeTarget "TallyDex" */ = {
			isa = XCConfigurationList;
			buildConfigurations = (
				F10000000000000000000001 /* Debug */,
				F10000000000000000000002 /* Release */,
			);
			defaultConfigurationIsVisible = 0;
			defaultConfigurationName = Release;
		};
		E10000000000000000000002 /* Build configuration list for PBXNativeTarget "TallyDexTests" */ = {
			isa = XCConfigurationList;
			buildConfigurations = (
				F20000000000000000000001 /* Debug */,
				F20000000000000000000002 /* Release */,
			);
			defaultConfigurationIsVisible = 0;
			defaultConfigurationName = Release;
		};
/* End XCConfigurationList section */

/* Begin XCRemoteSwiftPackageReference section */
		G10000000000000000000001 /* XCRemoteSwiftPackageReference "GRDB.swift" */ = {
			isa = XCRemoteSwiftPackageReference;
			repositoryURL = "https://github.com/groue/GRDB.swift.git";
			requirement = {
				kind = upToNextMajorVersion;
				minimumVersion = 7.11.1;
			};
		};
/* End XCRemoteSwiftPackageReference section */

/* Begin XCSwiftPackageProductDependency section */
		G20000000000000000000001 /* GRDB */ = {
			isa = XCSwiftPackageProductDependency;
			package = G10000000000000000000001 /* XCRemoteSwiftPackageReference "GRDB.swift" */;
			productName = GRDB;
		};
/* End XCSwiftPackageProductDependency section */
	};
	rootObject = A00000000000000000000001 /* Project object */;
}
