// !$*UTF8*$!
{ archiveVersion = 1; classes = {}; objectVersion = 56; objects = {
000000000000000000000064 = {isa = PBXFileReference; lastKnownFileType = sourcecode.swift; path = "Sources/ScanLabApp.swift"; sourceTree = "<group>"; };
0000000000000000000000C8 = {isa = PBXBuildFile; fileRef = 000000000000000000000064; };
000000000000000000000065 = {isa = PBXFileReference; lastKnownFileType = sourcecode.swift; path = "Sources/ScanLabCamera.swift"; sourceTree = "<group>"; };
0000000000000000000000C9 = {isa = PBXBuildFile; fileRef = 000000000000000000000065; };
000000000000000000000066 = {isa = PBXFileReference; lastKnownFileType = sourcecode.swift; path = "Sources/ScanLabGenerator.swift"; sourceTree = "<group>"; };
0000000000000000000000CA = {isa = PBXBuildFile; fileRef = 000000000000000000000066; };
000000000000000000000067 = {isa = PBXFileReference; lastKnownFileType = sourcecode.swift; path = "Sources/Core/Dataset.swift"; sourceTree = "<group>"; };
0000000000000000000000CB = {isa = PBXBuildFile; fileRef = 000000000000000000000067; };
000000000000000000000068 = {isa = PBXFileReference; lastKnownFileType = sourcecode.swift; path = "Sources/Core/StoredZIP.swift"; sourceTree = "<group>"; };
0000000000000000000000CC = {isa = PBXBuildFile; fileRef = 000000000000000000000068; };
000000000000000000000078 = {isa = PBXFileReference; lastKnownFileType = folder; name = BundledCardThumbnails; path = "../TallyDex/Resources/BundledCardThumbnails"; sourceTree = "<group>"; };
0000000000000000000000DC = {isa = PBXBuildFile; fileRef = 000000000000000000000078; };
000000000000000000000079 = {isa = PBXFileReference; lastKnownFileType = folder.assetcatalog; path = Assets.xcassets; sourceTree = "<group>"; };
0000000000000000000000DD = {isa = PBXBuildFile; fileRef = 000000000000000000000079; };
00000000000000000000007A = {isa = PBXFileReference; lastKnownFileType = sourcecode.swift; path = "TestsIOS/ScanLabIOSTests.swift"; sourceTree = "<group>"; };
0000000000000000000000DE = {isa = PBXBuildFile; fileRef = 00000000000000000000007A; };
00000000000000000000007B = {isa = PBXFileReference; lastKnownFileType = sourcecode.swift; path = "TestsUI/ScanLabUITests.swift"; sourceTree = "<group>"; };
0000000000000000000000DF = {isa = PBXBuildFile; fileRef = 00000000000000000000007B; };
000000000000000000000082 = {isa = PBXFileReference; explicitFileType = wrapper.application; path = "ScanLab.app"; sourceTree = BUILT_PRODUCTS_DIR; };
000000000000000000000083 = {isa = PBXFileReference; explicitFileType = wrapper.cfbundle; path = "ScanLabTests.xctest"; sourceTree = BUILT_PRODUCTS_DIR; };
000000000000000000000084 = {isa = PBXFileReference; explicitFileType = wrapper.cfbundle; path = "ScanLabUITests.xctest"; sourceTree = BUILT_PRODUCTS_DIR; };
000000000000000000000001 = {isa = PBXProject; attributes = {LastUpgradeCheck = 2660; TargetAttributes = {00000000000000000000000A = {CreatedOnToolsVersion = 26.6; }; 00000000000000000000000B = {CreatedOnToolsVersion = 26.6; TestTargetID = 00000000000000000000000A; }; 00000000000000000000000C = {CreatedOnToolsVersion = 26.6; TestTargetID = 00000000000000000000000A; }; }; }; buildConfigurationList = 000000000000000000000190; compatibilityVersion = "Xcode 14.0"; developmentRegion = en; knownRegions = (en,Base); mainGroup = 000000000000000000000002; productRefGroup = 000000000000000000000003; projectDirPath = ""; projectRoot = ""; targets = (00000000000000000000000A,00000000000000000000000B,00000000000000000000000C); };
000000000000000000000002 = {isa = PBXGroup; children = (000000000000000000000064,000000000000000000000065,000000000000000000000066,000000000000000000000067,000000000000000000000068,000000000000000000000078,000000000000000000000079,00000000000000000000007A,00000000000000000000007B,000000000000000000000003); sourceTree = "<group>"; };
000000000000000000000003 = {isa = PBXGroup; name = Products; children = (000000000000000000000082,000000000000000000000083,000000000000000000000084); sourceTree = "<group>"; };
00000000000000000000000A = {isa = PBXNativeTarget; buildConfigurationList = 000000000000000000000191; buildPhases = (00000000000000000000012C,000000000000000000000136,000000000000000000000140); buildRules = (); dependencies = (); name = ScanLab; productName = ScanLab; productReference = 000000000000000000000082; productType = "com.apple.product-type.application"; };
00000000000000000000012C = {isa = PBXSourcesBuildPhase; buildActionMask = 2147483647; files = (0000000000000000000000C8,0000000000000000000000C9,0000000000000000000000CA,0000000000000000000000CB,0000000000000000000000CC); runOnlyForDeploymentPostprocessing = 0; };
000000000000000000000136 = {isa = PBXFrameworksBuildPhase; buildActionMask = 2147483647; files = (); runOnlyForDeploymentPostprocessing = 0; };
000000000000000000000140 = {isa = PBXResourcesBuildPhase; buildActionMask = 2147483647; files = (0000000000000000000000DC,0000000000000000000000DD); runOnlyForDeploymentPostprocessing = 0; };
00000000000000000000000B = {isa = PBXNativeTarget; buildConfigurationList = 000000000000000000000192; buildPhases = (00000000000000000000012D,000000000000000000000137,000000000000000000000141); buildRules = (); dependencies = (0000000000000000000001F5); name = ScanLabTests; productName = ScanLabTests; productReference = 000000000000000000000083; productType = "com.apple.product-type.bundle.unit-test"; };
00000000000000000000012D = {isa = PBXSourcesBuildPhase; buildActionMask = 2147483647; files = (0000000000000000000000DE); runOnlyForDeploymentPostprocessing = 0; };
000000000000000000000137 = {isa = PBXFrameworksBuildPhase; buildActionMask = 2147483647; files = (); runOnlyForDeploymentPostprocessing = 0; };
000000000000000000000141 = {isa = PBXResourcesBuildPhase; buildActionMask = 2147483647; files = (); runOnlyForDeploymentPostprocessing = 0; };
0000000000000000000001F5 = {isa = PBXTargetDependency; target = 00000000000000000000000A; targetProxy = 0000000000000000000001FF; };
0000000000000000000001FF = {isa = PBXContainerItemProxy; containerPortal = 000000000000000000000001; proxyType = 1; remoteGlobalIDString = 00000000000000000000000A; remoteInfo = ScanLab; };
00000000000000000000000C = {isa = PBXNativeTarget; buildConfigurationList = 000000000000000000000193; buildPhases = (00000000000000000000012E,000000000000000000000138,000000000000000000000142); buildRules = (); dependencies = (0000000000000000000001F6); name = ScanLabUITests; productName = ScanLabUITests; productReference = 000000000000000000000084; productType = "com.apple.product-type.bundle.ui-testing"; };
00000000000000000000012E = {isa = PBXSourcesBuildPhase; buildActionMask = 2147483647; files = (0000000000000000000000DF); runOnlyForDeploymentPostprocessing = 0; };
000000000000000000000138 = {isa = PBXFrameworksBuildPhase; buildActionMask = 2147483647; files = (); runOnlyForDeploymentPostprocessing = 0; };
000000000000000000000142 = {isa = PBXResourcesBuildPhase; buildActionMask = 2147483647; files = (); runOnlyForDeploymentPostprocessing = 0; };
0000000000000000000001F6 = {isa = PBXTargetDependency; target = 00000000000000000000000A; targetProxy = 000000000000000000000200; };
000000000000000000000200 = {isa = PBXContainerItemProxy; containerPortal = 000000000000000000000001; proxyType = 1; remoteGlobalIDString = 00000000000000000000000A; remoteInfo = ScanLab; };
000000000000000000000190 = {isa = XCConfigurationList; buildConfigurations = (000000000000000000000258,000000000000000000000259); defaultConfigurationIsVisible = 0; defaultConfigurationName = Release; };
000000000000000000000258 = {isa = XCBuildConfiguration; name = Debug; buildSettings = {CLANG_ENABLE_MODULES = YES; SDKROOT = iphoneos; IPHONEOS_DEPLOYMENT_TARGET = 26.0; SWIFT_VERSION = 5.0; SWIFT_OPTIMIZATION_LEVEL = "-Onone"; ENABLE_TESTABILITY = YES; DEBUG_INFORMATION_FORMAT = dwarf; SWIFT_ACTIVE_COMPILATION_CONDITIONS = DEBUG; CODE_SIGN_STYLE = Automatic;}; };
000000000000000000000259 = {isa = XCBuildConfiguration; name = Release; buildSettings = {CLANG_ENABLE_MODULES = YES; SDKROOT = iphoneos; IPHONEOS_DEPLOYMENT_TARGET = 26.0; SWIFT_VERSION = 5.0; SWIFT_OPTIMIZATION_LEVEL = "-O";  CODE_SIGN_STYLE = Automatic;}; };
000000000000000000000191 = {isa = XCConfigurationList; buildConfigurations = (00000000000000000000025A,00000000000000000000025B); defaultConfigurationIsVisible = 0; defaultConfigurationName = Release; };
00000000000000000000025A = {isa = XCBuildConfiguration; name = Debug; buildSettings = {PRODUCT_NAME = "$(TARGET_NAME)"; PRODUCT_BUNDLE_IDENTIFIER = com.miranoverhoef.TallyDexScanLab; TARGETED_DEVICE_FAMILY = 1; GENERATE_INFOPLIST_FILE = YES; PRODUCT_MODULE_NAME = ScanLab; MARKETING_VERSION = 0.1.0; CURRENT_PROJECT_VERSION = 1; ASSETCATALOG_COMPILER_APPICON_NAME = AppIcon; INFOPLIST_KEY_CFBundleDisplayName = "TallyDex Scan Lab"; INFOPLIST_KEY_NSCameraUsageDescription = "Capture local Pokémon card training examples. Photos are never uploaded automatically."; INFOPLIST_KEY_UILaunchScreen_Generation = YES; INFOPLIST_KEY_UIApplicationSceneManifest_Generation = YES; INFOPLIST_KEY_UISupportedInterfaceOrientations = UIInterfaceOrientationPortrait; SUPPORTS_MACCATALYST = NO;}; };
00000000000000000000025B = {isa = XCBuildConfiguration; name = Release; buildSettings = {PRODUCT_NAME = "$(TARGET_NAME)"; PRODUCT_BUNDLE_IDENTIFIER = com.miranoverhoef.TallyDexScanLab; TARGETED_DEVICE_FAMILY = 1; GENERATE_INFOPLIST_FILE = YES; PRODUCT_MODULE_NAME = ScanLab; MARKETING_VERSION = 0.1.0; CURRENT_PROJECT_VERSION = 1; ASSETCATALOG_COMPILER_APPICON_NAME = AppIcon; INFOPLIST_KEY_CFBundleDisplayName = "TallyDex Scan Lab"; INFOPLIST_KEY_NSCameraUsageDescription = "Capture local Pokémon card training examples. Photos are never uploaded automatically."; INFOPLIST_KEY_UILaunchScreen_Generation = YES; INFOPLIST_KEY_UIApplicationSceneManifest_Generation = YES; INFOPLIST_KEY_UISupportedInterfaceOrientations = UIInterfaceOrientationPortrait; SUPPORTS_MACCATALYST = NO;}; };
000000000000000000000192 = {isa = XCConfigurationList; buildConfigurations = (00000000000000000000025C,00000000000000000000025D); defaultConfigurationIsVisible = 0; defaultConfigurationName = Release; };
00000000000000000000025C = {isa = XCBuildConfiguration; name = Debug; buildSettings = {PRODUCT_NAME = "$(TARGET_NAME)"; PRODUCT_BUNDLE_IDENTIFIER = com.miranoverhoef.TallyDexScanLabTests; TARGETED_DEVICE_FAMILY = 1; GENERATE_INFOPLIST_FILE = YES; TEST_HOST = "$(BUILT_PRODUCTS_DIR)/ScanLab.app/$(BUNDLE_EXECUTABLE_FOLDER_PATH)/ScanLab"; BUNDLE_LOADER = "$(TEST_HOST)";}; };
00000000000000000000025D = {isa = XCBuildConfiguration; name = Release; buildSettings = {PRODUCT_NAME = "$(TARGET_NAME)"; PRODUCT_BUNDLE_IDENTIFIER = com.miranoverhoef.TallyDexScanLabTests; TARGETED_DEVICE_FAMILY = 1; GENERATE_INFOPLIST_FILE = YES; TEST_HOST = "$(BUILT_PRODUCTS_DIR)/ScanLab.app/$(BUNDLE_EXECUTABLE_FOLDER_PATH)/ScanLab"; BUNDLE_LOADER = "$(TEST_HOST)";}; };
000000000000000000000193 = {isa = XCConfigurationList; buildConfigurations = (00000000000000000000025E,00000000000000000000025F); defaultConfigurationIsVisible = 0; defaultConfigurationName = Release; };
00000000000000000000025E = {isa = XCBuildConfiguration; name = Debug; buildSettings = {PRODUCT_NAME = "$(TARGET_NAME)"; PRODUCT_BUNDLE_IDENTIFIER = com.miranoverhoef.TallyDexScanLabUITests; TARGETED_DEVICE_FAMILY = 1; GENERATE_INFOPLIST_FILE = YES; TEST_TARGET_NAME = ScanLab;}; };
00000000000000000000025F = {isa = XCBuildConfiguration; name = Release; buildSettings = {PRODUCT_NAME = "$(TARGET_NAME)"; PRODUCT_BUNDLE_IDENTIFIER = com.miranoverhoef.TallyDexScanLabUITests; TARGETED_DEVICE_FAMILY = 1; GENERATE_INFOPLIST_FILE = YES; TEST_TARGET_NAME = ScanLab;}; };
}; rootObject = 000000000000000000000001; }
